{
  "name": "@stoneai/cli",
  "version": "0.1.1",
  "lockfileVersion": 3,
  "requires": true,
  "packages": {
    "": {
      "name": "@stoneai/cli",
      "version": "0.1.1",
      "license": "SEE LICENSE IN LICENSE",
      "bin": {
        "stoneai": "bin/stoneai.js"
      },
      "engines": {
        "node": ">=18"
      }
    }
  }
}
